
Microsoft Visual Studio Solution File, Format Version 12.00
# Visual Studio Version 17
VisualStudioVersion = 17.13.35825.156
MinimumVisualStudioVersion = 10.0.40219.1
Project("{FAE04EC0-301F-11D3-BF4B-00C04F79EFBC}") = "Bean_API", "Bean_API.csproj", "{F94A4DCD-07F7-45D8-9294-AF9D2DAA5444}"
EndProject
Project("{FAE04EC0-301F-11D3-BF4B-00C04F79EFBC}") = "Bean_APITest", "..\Bean_APITest\Bean_APITest.csproj", "{0932D4BD-4E1E-4E9A-A784-C6D8DB55B519}"
EndProject
Global
	GlobalSection(SolutionConfigurationPlatforms) = preSolution
		Debug|Any CPU = Debug|Any CPU
		Release|Any CPU = Release|Any CPU
	EndGlobalSection
	GlobalSection(ProjectConfigurationPlatforms) = postSolution
		{F94A4DCD-07F7-45D8-9294-AF9D2DAA5444}.Debug|Any CPU.ActiveCfg = Debug|Any CPU
		{F94A4DCD-07F7-45D8-9294-AF9D2DAA5444}.Debug|Any CPU.Build.0 = Debug|Any CPU
		{F94A4DCD-07F7-45D8-9294-AF9D2DAA5444}.Release|Any CPU.ActiveCfg = Release|Any CPU
		{F94A4DCD-07F7-45D8-9294-AF9D2DAA5444}.Release|Any CPU.Build.0 = Release|Any CPU
		{0932D4BD-4E1E-4E9A-A784-C6D8DB55B519}.Debug|Any CPU.ActiveCfg = Debug|Any CPU
		{0932D4BD-4E1E-4E9A-A784-C6D8DB55B519}.Debug|Any CPU.Build.0 = Debug|Any CPU
		{0932D4BD-4E1E-4E9A-A784-C6D8DB55B519}.Release|Any CPU.ActiveCfg = Release|Any CPU
		{0932D4BD-4E1E-4E9A-A784-C6D8DB55B519}.Release|Any CPU.Build.0 = Release|Any CPU
	EndGlobalSection
	GlobalSection(SolutionProperties) = preSolution
		HideSolutionNode = FALSE
	EndGlobalSection
	GlobalSection(ExtensibilityGlobals) = postSolution
		SolutionGuid = {06AF4B98-D9DB-4BF8-A289-5758A7E00389}
	EndGlobalSection
EndGlobal
